# This file is automatically @generated by Poetry 2.1.3 and should not be changed by hand.

[[package]]
name = "click"
version = "8.2.1"
description = "Composable command line interface toolkit"
optional = false
python-versions = ">=3.10"
groups = ["main"]
files = [
    {file = "click-8.2.1-py3-none-any.whl", hash = "sha256:61a3265b914e850b85317d0b3109c7f8cd35a670f963866005d6ef1d5175a12b"},
    {file = "click-8.2.1.tar.gz", hash = "sha256:27c491cc05d968d271d5a1db13e3b5a184636d9d930f148c50b038f0d0646202"},
]

[package.dependencies]
colorama = {version = "*", markers = "platform_system == \"Windows\""}

[[package]]
name = "colorama"
version = "0.4.6"
description = "Cross-platform colored terminal text."
optional = false
python-versions = "!=3.0.*,!=3.1.*,!=3.2.*,!=3.3.*,!=3.4.*,!=3.5.*,!=3.6.*,>=2.7"
groups = ["main"]
markers = "platform_system == \"Windows\""
files = [
    {file = "colorama-0.4.6-py2.py3-none-any.whl", hash = "sha256:4f1d9991f5acc0ca119f9d443620b77f9d6b33703e51011c16baf57afb285fc6"},
    {file = "colorama-0.4.6.tar.gz", hash = "sha256:08695f5cb7ed6e0531a20572697297273c47b8cae5a63ffc6d6ed5c201be6e44"},
]

[[package]]
name = "pyobjc-core"
version = "11.1"
description = "Python<->ObjC Interoperability Module"
optional = false
python-versions = ">=3.8"
groups = ["main"]
files = [
    {file = "pyobjc_core-11.1-cp310-cp310-macosx_10_9_universal2.whl", hash = "sha256:4c7536f3e94de0a3eae6bb382d75f1219280aa867cdf37beef39d9e7d580173c"},
    {file = "pyobjc_core-11.1-cp311-cp311-macosx_10_9_universal2.whl", hash = "sha256:ec36680b5c14e2f73d432b03ba7c1457dc6ca70fa59fd7daea1073f2b4157d33"},
    {file = "pyobjc_core-11.1-cp312-cp312-macosx_10_13_universal2.whl", hash = "sha256:765b97dea6b87ec4612b3212258024d8496ea23517c95a1c5f0735f96b7fd529"},
    {file = "pyobjc_core-11.1-cp313-cp313-macosx_10_13_universal2.whl", hash = "sha256:18986f83998fbd5d3f56d8a8428b2f3e0754fd15cef3ef786ca0d29619024f2c"},
    {file = "pyobjc_core-11.1-cp313-cp313t-macosx_10_13_universal2.whl", hash = "sha256:8849e78cfe6595c4911fbba29683decfb0bf57a350aed8a43316976ba6f659d2"},
    {file = "pyobjc_core-11.1-cp314-cp314-macosx_11_0_universal2.whl", hash = "sha256:8cb9ed17a8d84a312a6e8b665dd22393d48336ea1d8277e7ad20c19a38edf731"},
    {file = "pyobjc_core-11.1-cp314-cp314t-macosx_11_0_universal2.whl", hash = "sha256:f2455683e807f8541f0d83fbba0f5d9a46128ab0d5cc83ea208f0bec759b7f96"},
    {file = "pyobjc_core-11.1-cp39-cp39-macosx_10_9_universal2.whl", hash = "sha256:4a99e6558b48b8e47c092051e7b3be05df1c8d0617b62f6fa6a316c01902d157"},
    {file = "pyobjc_core-11.1.tar.gz", hash = "sha256:b63d4d90c5df7e762f34739b39cc55bc63dbcf9fb2fb3f2671e528488c7a87fe"},
]

[[package]]
name = "pyobjc-framework-cocoa"
version = "11.1"
description = "Wrappers for the Cocoa frameworks on macOS"
optional = false
python-versions = ">=3.9"
groups = ["main"]
files = [
    {file = "pyobjc_framework_cocoa-11.1-cp310-cp310-macosx_10_9_universal2.whl", hash = "sha256:b27a5bdb3ab6cdeb998443ff3fce194ffae5f518c6a079b832dbafc4426937f9"},
    {file = "pyobjc_framework_cocoa-11.1-cp311-cp311-macosx_10_9_universal2.whl", hash = "sha256:7b9a9b8ba07f5bf84866399e3de2aa311ed1c34d5d2788a995bdbe82cc36cfa0"},
    {file = "pyobjc_framework_cocoa-11.1-cp312-cp312-macosx_10_13_universal2.whl", hash = "sha256:806de56f06dfba8f301a244cce289d54877c36b4b19818e3b53150eb7c2424d0"},
    {file = "pyobjc_framework_cocoa-11.1-cp313-cp313-macosx_10_13_universal2.whl", hash = "sha256:54e93e1d9b0fc41c032582a6f0834befe1d418d73893968f3f450281b11603da"},
    {file = "pyobjc_framework_cocoa-11.1-cp313-cp313t-macosx_10_13_universal2.whl", hash = "sha256:fd5245ee1997d93e78b72703be1289d75d88ff6490af94462b564892e9266350"},
    {file = "pyobjc_framework_cocoa-11.1-cp314-cp314-macosx_11_0_universal2.whl", hash = "sha256:aede53a1afc5433e1e7d66568cc52acceeb171b0a6005407a42e8e82580b4fc0"},
    {file = "pyobjc_framework_cocoa-11.1-cp314-cp314t-macosx_11_0_universal2.whl", hash = "sha256:1b5de4e1757bb65689d6dc1f8d8717de9ec8587eb0c4831c134f13aba29f9b71"},
    {file = "pyobjc_framework_cocoa-11.1-cp39-cp39-macosx_10_9_universal2.whl", hash = "sha256:bbee71eeb93b1b31ffbac8560b59a0524a8a4b90846a260d2c4f2188f3d4c721"},
    {file = "pyobjc_framework_cocoa-11.1.tar.gz", hash = "sha256:87df76b9b73e7ca699a828ff112564b59251bb9bbe72e610e670a4dc9940d038"},
]

[package.dependencies]
pyobjc-core = ">=11.1"

[metadata]
lock-version = "2.1"
python-versions = "^3.13"
content-hash = "13d36894874e8e80848c92c0b12de2d250f071bd86d6ac48d1ff8c0446c70504"
