# This file is automatically @generated by Poetry 2.2.1 and should not be changed by hand.

[[package]]
name = "click"
version = "8.3.0"
description = "Composable command line interface toolkit"
optional = false
python-versions = ">=3.10"
groups = ["main"]
files = [
    {file = "click-8.3.0-py3-none-any.whl", hash = "sha256:9b9f285302c6e3064f4330c05f05b81945b2a39544279343e6e7c5f27a9baddc"},
    {file = "click-8.3.0.tar.gz", hash = "sha256:e7b8232224eba16f4ebe410c25ced9f7875cb5f3263ffc93cc3e8da705e229c4"},
]

[package.dependencies]
colorama = {version = "*", markers = "platform_system == \"Windows\""}

[[package]]
name = "colorama"
version = "0.4.6"
description = "Cross-platform colored terminal text."
optional = false
python-versions = "!=3.0.*,!=3.1.*,!=3.2.*,!=3.3.*,!=3.4.*,!=3.5.*,!=3.6.*,>=2.7"
groups = ["main"]
markers = "platform_system == \"Windows\""
files = [
    {file = "colorama-0.4.6-py2.py3-none-any.whl", hash = "sha256:4f1d9991f5acc0ca119f9d443620b77f9d6b33703e51011c16baf57afb285fc6"},
    {file = "colorama-0.4.6.tar.gz", hash = "sha256:08695f5cb7ed6e0531a20572697297273c47b8cae5a63ffc6d6ed5c201be6e44"},
]

[[package]]
name = "pyobjc-core"
version = "12.0"
description = "Python<->ObjC Interoperability Module"
optional = false
python-versions = ">=3.8"
groups = ["main"]
files = [
    {file = "pyobjc_core-12.0-cp310-cp310-macosx_10_9_universal2.whl", hash = "sha256:beb665937b0df76412dfd08c6518925806e41536307629a859105270e3a5e6c9"},
    {file = "pyobjc_core-12.0-cp311-cp311-macosx_10_9_universal2.whl", hash = "sha256:dd4962aceb0f9a0ee510e11ced449323db85e42664ac9ade53ad1cc2394dc248"},
    {file = "pyobjc_core-12.0-cp312-cp312-macosx_10_13_universal2.whl", hash = "sha256:1675dbb700b6bb6e3f3c9ce3f5401947e0193e16085eeb70e9160c6c6fc1ace5"},
    {file = "pyobjc_core-12.0-cp313-cp313-macosx_10_13_universal2.whl", hash = "sha256:c44b76d8306a130c9eb0cb79d86fd6675c8ba3e5b458e78095d271a10cd38b6a"},
    {file = "pyobjc_core-12.0-cp313-cp313t-macosx_10_13_universal2.whl", hash = "sha256:5c617551e0ab860c49229fcec0135a5cde702485f22254ddc17205eb24b7fc55"},
    {file = "pyobjc_core-12.0-cp314-cp314-macosx_10_15_universal2.whl", hash = "sha256:c2709ff43ac5c2e9e2c574ae515d3aa0e470345847a4d96c5d4a04b1b86e966d"},
    {file = "pyobjc_core-12.0-cp314-cp314t-macosx_10_15_universal2.whl", hash = "sha256:eb6b987e53291e7cafd8f71a80a2dd44d7afec4202a143a3e47b75cb9cdb5716"},
    {file = "pyobjc_core-12.0.tar.gz", hash = "sha256:7e05c805a776149a937b61b892a0459895d32d9002bedc95ce2be31ef1e37a29"},
]

[[package]]
name = "pyobjc-framework-cocoa"
version = "12.0"
description = "Wrappers for the Cocoa frameworks on macOS"
optional = false
python-versions = ">=3.9"
groups = ["main"]
files = [
    {file = "pyobjc_framework_cocoa-12.0-cp310-cp310-macosx_10_9_universal2.whl", hash = "sha256:fe453a559be779fb4bc730b2f6686c5c78eb1898a7291964bc289f96506879b6"},
    {file = "pyobjc_framework_cocoa-12.0-cp311-cp311-macosx_10_9_universal2.whl", hash = "sha256:ae041b7c64a8fa93f0e06728681f7ad657ef2c92dcfdf8abc073d89fb6e3910b"},
    {file = "pyobjc_framework_cocoa-12.0-cp312-cp312-macosx_10_13_universal2.whl", hash = "sha256:ed99d53a91f9feb9452ba8942cd09d86727f6dd2d56ecfd9b885ddbd4259ebdd"},
    {file = "pyobjc_framework_cocoa-12.0-cp313-cp313-macosx_10_13_universal2.whl", hash = "sha256:13e573f5093f4158f305b1bac5e1f783881ce2f5f4a69f3c80cb000f76731259"},
    {file = "pyobjc_framework_cocoa-12.0-cp313-cp313t-macosx_10_13_universal2.whl", hash = "sha256:3b167793cd1b509eaf693140ace9be1f827a2c8686fceb8c599907661f608bc2"},
    {file = "pyobjc_framework_cocoa-12.0-cp314-cp314-macosx_10_15_universal2.whl", hash = "sha256:a2b6fb9ab3e5ab6db04dfa17828a97894e7da85dd8600885c72a0c2c2214d618"},
    {file = "pyobjc_framework_cocoa-12.0-cp314-cp314t-macosx_10_15_universal2.whl", hash = "sha256:32ff10250a57f72a0b6eca85b790dcc87548ff71d33d0436ffb69680d5e2f308"},
    {file = "pyobjc_framework_cocoa-12.0.tar.gz", hash = "sha256:02d69305b698015a20fcc8e1296e1528e413d8cf9fdcd590478d359386d76e8a"},
]

[package.dependencies]
pyobjc-core = ">=12.0"

[metadata]
lock-version = "2.1"
python-versions = "^3.13"
content-hash = "13d36894874e8e80848c92c0b12de2d250f071bd86d6ac48d1ff8c0446c70504"
